
Microsoft Visual Studio Solution File, Format Version 12.00
# Visual Studio Version 16
VisualStudioVersion = 16.0.30523.141
MinimumVisualStudioVersion = 10.0.40219.1
Project("{888888A0-9F3D-457C-B088-3A5042F75D52}") = "othellogame", "othellogame\othellogame.pyproj", "{B39345AE-4CB6-4D9C-9548-005742A99128}"
EndProject
Global
	GlobalSection(SolutionConfigurationPlatforms) = preSolution
		Debug|Any CPU = Debug|Any CPU
		Release|Any CPU = Release|Any CPU
	EndGlobalSection
	GlobalSection(ProjectConfigurationPlatforms) = postSolution
		{B39345AE-4CB6-4D9C-9548-005742A99128}.Debug|Any CPU.ActiveCfg = Debug|Any CPU
		{B39345AE-4CB6-4D9C-9548-005742A99128}.Release|Any CPU.ActiveCfg = Release|Any CPU
	EndGlobalSection
	GlobalSection(SolutionProperties) = preSolution
		HideSolutionNode = FALSE
	EndGlobalSection
	GlobalSection(ExtensibilityGlobals) = postSolution
		SolutionGuid = {AD6DC94A-0AF7-4326-884D-502F2EF4BE55}
	EndGlobalSection
EndGlobal
